// !$*UTF8*$!
{
	archiveVersion = 1;
	classes = {
	};
	objectVersion = 52;
	objects = {

/* Begin PBXBuildFile section */
		DEB5EBFA25D2BD61005CFB02 /* RealmPlantsShopApp.swift in Sources */ = {isa = PBXBuildFile; fileRef = DEB5EBF925D2BD61005CFB02 /* RealmPlantsShopApp.swift */; };
		DEB5EBFE25D2BD62005CFB02 /* Assets.xcassets in Resources */ = {isa = PBXBuildFile; fileRef = DEB5EBFD25D2BD62005CFB02 /* Assets.xcassets */; };
		DEB5EC0125D2BD62005CFB02 /* Preview Assets.xcassets in Resources */ = {isa = PBXBuildFile; fileRef = DEB5EC0025D2BD62005CFB02 /* Preview Assets.xcassets */; };
		DEB5EC0B25D2BE29005CFB02 /* Realm in Frameworks */ = {isa = PBXBuildFile; productRef = DEB5EC0A25D2BE29005CFB02 /* Realm */; };
		DEB5EC0D25D2BE29005CFB02 /* RealmSwift in Frameworks */ = {isa = PBXBuildFile; productRef = DEB5EC0C25D2BE29005CFB02 /* RealmSwift */; };
		DEB5EC1125D2BE5F005CFB02 /* RemoteImage in Frameworks */ = {isa = PBXBuildFile; productRef = DEB5EC1025D2BE5F005CFB02 /* RemoteImage */; };
		DEB5EC1A25D2BEDE005CFB02 /* RealmPersistance.swift in Sources */ = {isa = PBXBuildFile; fileRef = DEB5EC1925D2BEDE005CFB02 /* RealmPersistance.swift */; };
		DEB5EC1D25D2BEED005CFB02 /* Color.swift in Sources */ = {isa = PBXBuildFile; fileRef = DEB5EC1C25D2BEED005CFB02 /* Color.swift */; };
		DEB5EC2025D2BF06005CFB02 /* Kategoria.swift in Sources */ = {isa = PBXBuildFile; fileRef = DEB5EC1F25D2BF06005CFB02 /* Kategoria.swift */; };
		DEB5EC2325D2BF1D005CFB02 /* Product.swift in Sources */ = {isa = PBXBuildFile; fileRef = DEB5EC2225D2BF1D005CFB02 /* Product.swift */; };
		DEB5EC2625D2BF33005CFB02 /* Basket.swift in Sources */ = {isa = PBXBuildFile; fileRef = DEB5EC2525D2BF33005CFB02 /* Basket.swift */; };
		DEB5EC2925D2BF46005CFB02 /* KategoriaStore.swift in Sources */ = {isa = PBXBuildFile; fileRef = DEB5EC2825D2BF46005CFB02 /* KategoriaStore.swift */; };
		DEB5EC2C25D2BF51005CFB02 /* ProductStore.swift in Sources */ = {isa = PBXBuildFile; fileRef = DEB5EC2B25D2BF51005CFB02 /* ProductStore.swift */; };
		DEB5EC2F25D2BF65005CFB02 /* BasektStore.swift in Sources */ = {isa = PBXBuildFile; fileRef = DEB5EC2E25D2BF65005CFB02 /* BasektStore.swift */; };
		DEB5EC3225D2BF7C005CFB02 /* MainView.swift in Sources */ = {isa = PBXBuildFile; fileRef = DEB5EC3125D2BF7C005CFB02 /* MainView.swift */; };
		DEB5EC3625D2BF90005CFB02 /* CategoriesView.swift in Sources */ = {isa = PBXBuildFile; fileRef = DEB5EC3525D2BF90005CFB02 /* CategoriesView.swift */; };
		DEB5EC3925D2BFA2005CFB02 /* GridView.swift in Sources */ = {isa = PBXBuildFile; fileRef = DEB5EC3825D2BFA2005CFB02 /* GridView.swift */; };
		DEB5EC3C25D2BFB9005CFB02 /* GridCellView.swift in Sources */ = {isa = PBXBuildFile; fileRef = DEB5EC3B25D2BFB9005CFB02 /* GridCellView.swift */; };
		DEB5EC3F25D2BFC9005CFB02 /* GridCellViewProduct.swift in Sources */ = {isa = PBXBuildFile; fileRef = DEB5EC3E25D2BFC9005CFB02 /* GridCellViewProduct.swift */; };
		DEB5EC4225D2BFDE005CFB02 /* GridViewProduct.swift in Sources */ = {isa = PBXBuildFile; fileRef = DEB5EC4125D2BFDE005CFB02 /* GridViewProduct.swift */; };
		DEB5EC4525D2BFF3005CFB02 /* HeaderView.swift in Sources */ = {isa = PBXBuildFile; fileRef = DEB5EC4425D2BFF3005CFB02 /* HeaderView.swift */; };
		DEB5EC4825D2C003005CFB02 /* DetailView.swift in Sources */ = {isa = PBXBuildFile; fileRef = DEB5EC4725D2C003005CFB02 /* DetailView.swift */; };
		DEB5EC4B25D2C015005CFB02 /* BasketView.swift in Sources */ = {isa = PBXBuildFile; fileRef = DEB5EC4A25D2C015005CFB02 /* BasketView.swift */; };
		DEB5EC4E25D2C028005CFB02 /* AboutUsView.swift in Sources */ = {isa = PBXBuildFile; fileRef = DEB5EC4D25D2C028005CFB02 /* AboutUsView.swift */; };
		DEB5EC5125D2C038005CFB02 /* MapView.swift in Sources */ = {isa = PBXBuildFile; fileRef = DEB5EC5025D2C038005CFB02 /* MapView.swift */; };
		DEB5EC5425D2C050005CFB02 /* kategorie.json in Resources */ = {isa = PBXBuildFile; fileRef = DEB5EC5325D2C050005CFB02 /* kategorie.json */; };
		DEB5EC5725D2C065005CFB02 /* AnimalFriendly.json in Resources */ = {isa = PBXBuildFile; fileRef = DEB5EC5625D2C065005CFB02 /* AnimalFriendly.json */; };
		DEB5EC5A25D2C07D005CFB02 /* EasyToCare.json in Resources */ = {isa = PBXBuildFile; fileRef = DEB5EC5925D2C07D005CFB02 /* EasyToCare.json */; };
		DEB5EC5D25D2C093005CFB02 /* AirCleaning.json in Resources */ = {isa = PBXBuildFile; fileRef = DEB5EC5C25D2C093005CFB02 /* AirCleaning.json */; };
		DEB5EC6025D2C0A9005CFB02 /* Collectible.json in Resources */ = {isa = PBXBuildFile; fileRef = DEB5EC5F25D2C0A9005CFB02 /* Collectible.json */; };
		DEB5EC6325D2C0BE005CFB02 /* ProduktModel.swift in Sources */ = {isa = PBXBuildFile; fileRef = DEB5EC6225D2C0BE005CFB02 /* ProduktModel.swift */; };
		DEB5EC6625D2C0D1005CFB02 /* KategoriaModel.swift in Sources */ = {isa = PBXBuildFile; fileRef = DEB5EC6525D2C0D1005CFB02 /* KategoriaModel.swift */; };
		DEB5EC6925D2C0EE005CFB02 /* BasketModel.swift in Sources */ = {isa = PBXBuildFile; fileRef = DEB5EC6825D2C0EE005CFB02 /* BasketModel.swift */; };
/* End PBXBuildFile section */

/* Begin PBXFileReference section */
		DEB5EBF625D2BD61005CFB02 /* RealmPlantsShop.app */ = {isa = PBXFileReference; explicitFileType = wrapper.application; includeInIndex = 0; path = RealmPlantsShop.app; sourceTree = BUILT_PRODUCTS_DIR; };
		DEB5EBF925D2BD61005CFB02 /* RealmPlantsShopApp.swift */ = {isa = PBXFileReference; lastKnownFileType = sourcecode.swift; path = RealmPlantsShopApp.swift; sourceTree = "<group>"; };
		DEB5EBFD25D2BD62005CFB02 /* Assets.xcassets */ = {isa = PBXFileReference; lastKnownFileType = folder.assetcatalog; path = Assets.xcassets; sourceTree = "<group>"; };
		DEB5EC0025D2BD62005CFB02 /* Preview Assets.xcassets */ = {isa = PBXFileReference; lastKnownFileType = folder.assetcatalog; path = "Preview Assets.xcassets"; sourceTree = "<group>"; };
		DEB5EC0225D2BD62005CFB02 /* Info.plist */ = {isa = PBXFileReference; lastKnownFileType = text.plist.xml; path = Info.plist; sourceTree = "<group>"; };
		DEB5EC1925D2BEDE005CFB02 /* RealmPersistance.swift */ = {isa = PBXFileReference; lastKnownFileType = sourcecode.swift; path = RealmPersistance.swift; sourceTree = "<group>"; };
		DEB5EC1C25D2BEED005CFB02 /* Color.swift */ = {isa = PBXFileReference; lastKnownFileType = sourcecode.swift; path = Color.swift; sourceTree = "<group>"; };
		DEB5EC1F25D2BF06005CFB02 /* Kategoria.swift */ = {isa = PBXFileReference; lastKnownFileType = sourcecode.swift; path = Kategoria.swift; sourceTree = "<group>"; };
		DEB5EC2225D2BF1D005CFB02 /* Product.swift */ = {isa = PBXFileReference; lastKnownFileType = sourcecode.swift; path = Product.swift; sourceTree = "<group>"; };
		DEB5EC2525D2BF33005CFB02 /* Basket.swift */ = {isa = PBXFileReference; lastKnownFileType = sourcecode.swift; path = Basket.swift; sourceTree = "<group>"; };
		DEB5EC2825D2BF46005CFB02 /* KategoriaStore.swift */ = {isa = PBXFileReference; lastKnownFileType = sourcecode.swift; path = KategoriaStore.swift; sourceTree = "<group>"; };
		DEB5EC2B25D2BF51005CFB02 /* ProductStore.swift */ = {isa = PBXFileReference; lastKnownFileType = sourcecode.swift; path = ProductStore.swift; sourceTree = "<group>"; };
		DEB5EC2E25D2BF65005CFB02 /* BasektStore.swift */ = {isa = PBXFileReference; lastKnownFileType = sourcecode.swift; path = BasektStore.swift; sourceTree = "<group>"; };
		DEB5EC3125D2BF7C005CFB02 /* MainView.swift */ = {isa = PBXFileReference; lastKnownFileType = sourcecode.swift; path = MainView.swift; sourceTree = "<group>"; };
		DEB5EC3525D2BF90005CFB02 /* CategoriesView.swift */ = {isa = PBXFileReference; lastKnownFileType = sourcecode.swift; path = CategoriesView.swift; sourceTree = "<group>"; };
		DEB5EC3825D2BFA2005CFB02 /* GridView.swift */ = {isa = PBXFileReference; lastKnownFileType = sourcecode.swift; path = GridView.swift; sourceTree = "<group>"; };
		DEB5EC3B25D2BFB9005CFB02 /* GridCellView.swift */ = {isa = PBXFileReference; lastKnownFileType = sourcecode.swift; path = GridCellView.swift; sourceTree = "<group>"; };
		DEB5EC3E25D2BFC9005CFB02 /* GridCellViewProduct.swift */ = {isa = PBXFileReference; lastKnownFileType = sourcecode.swift; path = GridCellViewProduct.swift; sourceTree = "<group>"; };
		DEB5EC4125D2BFDE005CFB02 /* GridViewProduct.swift */ = {isa = PBXFileReference; lastKnownFileType = sourcecode.swift; path = GridViewProduct.swift; sourceTree = "<group>"; };
		DEB5EC4425D2BFF3005CFB02 /* HeaderView.swift */ = {isa = PBXFileReference; lastKnownFileType = sourcecode.swift; path = HeaderView.swift; sourceTree = "<group>"; };
		DEB5EC4725D2C003005CFB02 /* DetailView.swift */ = {isa = PBXFileReference; lastKnownFileType = sourcecode.swift; path = DetailView.swift; sourceTree = "<group>"; };
		DEB5EC4A25D2C015005CFB02 /* BasketView.swift */ = {isa = PBXFileReference; lastKnownFileType = sourcecode.swift; path = BasketView.swift; sourceTree = "<group>"; };
		DEB5EC4D25D2C028005CFB02 /* AboutUsView.swift */ = {isa = PBXFileReference; lastKnownFileType = sourcecode.swift; path = AboutUsView.swift; sourceTree = "<group>"; };
		DEB5EC5025D2C038005CFB02 /* MapView.swift */ = {isa = PBXFileReference; lastKnownFileType = sourcecode.swift; path = MapView.swift; sourceTree = "<group>"; };
		DEB5EC5325D2C050005CFB02 /* kategorie.json */ = {isa = PBXFileReference; lastKnownFileType = text.json; path = kategorie.json; sourceTree = "<group>"; };
		DEB5EC5625D2C065005CFB02 /* AnimalFriendly.json */ = {isa = PBXFileReference; lastKnownFileType = text.json; path = AnimalFriendly.json; sourceTree = "<group>"; };
		DEB5EC5925D2C07D005CFB02 /* EasyToCare.json */ = {isa = PBXFileReference; lastKnownFileType = text.json; path = EasyToCare.json; sourceTree = "<group>"; };
		DEB5EC5C25D2C093005CFB02 /* AirCleaning.json */ = {isa = PBXFileReference; lastKnownFileType = text.json; path = AirCleaning.json; sourceTree = "<group>"; };
		DEB5EC5F25D2C0A9005CFB02 /* Collectible.json */ = {isa = PBXFileReference; lastKnownFileType = text.json; path = Collectible.json; sourceTree = "<group>"; };
		DEB5EC6225D2C0BE005CFB02 /* ProduktModel.swift */ = {isa = PBXFileReference; lastKnownFileType = sourcecode.swift; path = ProduktModel.swift; sourceTree = "<group>"; };
		DEB5EC6525D2C0D1005CFB02 /* KategoriaModel.swift */ = {isa = PBXFileReference; lastKnownFileType = sourcecode.swift; path = KategoriaModel.swift; sourceTree = "<group>"; };
		DEB5EC6825D2C0EE005CFB02 /* BasketModel.swift */ = {isa = PBXFileReference; lastKnownFileType = sourcecode.swift; path = BasketModel.swift; sourceTree = "<group>"; };
/* End PBXFileReference section */

/* Begin PBXFrameworksBuildPhase section */
		DEB5EBF325D2BD61005CFB02 /* Frameworks */ = {
			isa = PBXFrameworksBuildPhase;
			buildActionMask = 2147483647;
			files = (
				DEB5EC0D25D2BE29005CFB02 /* RealmSwift in Frameworks */,
				DEB5EC0B25D2BE29005CFB02 /* Realm in Frameworks */,
				DEB5EC1125D2BE5F005CFB02 /* RemoteImage in Frameworks */,
			);
			runOnlyForDeploymentPostprocessing = 0;
		};
/* End PBXFrameworksBuildPhase section */

/* Begin PBXGroup section */
		DEB5EBED25D2BD61005CFB02 = {
			isa = PBXGroup;
			children = (
				DEB5EBF825D2BD61005CFB02 /* RealmPlantsShop */,
				DEB5EBF725D2BD61005CFB02 /* Products */,
			);
			sourceTree = "<group>";
		};
		DEB5EBF725D2BD61005CFB02 /* Products */ = {
			isa = PBXGroup;
			children = (
				DEB5EBF625D2BD61005CFB02 /* RealmPlantsShop.app */,
			);
			name = Products;
			sourceTree = "<group>";
		};
		DEB5EBF825D2BD61005CFB02 /* RealmPlantsShop */ = {
			isa = PBXGroup;
			children = (
				DEB5EC1725D2BEB0005CFB02 /* Models */,
				DEB5EC1625D2BEA8005CFB02 /* Fixtures */,
				DEB5EC1525D2BE9E005CFB02 /* Views */,
				DEB5EC1425D2BE91005CFB02 /* ViewModels */,
				DEB5EC1325D2BE86005CFB02 /* Entities */,
				DEB5EBF925D2BD61005CFB02 /* RealmPlantsShopApp.swift */,
				DEB5EBFD25D2BD62005CFB02 /* Assets.xcassets */,
				DEB5EC0225D2BD62005CFB02 /* Info.plist */,
				DEB5EBFF25D2BD62005CFB02 /* Preview Content */,
				DEB5EC1925D2BEDE005CFB02 /* RealmPersistance.swift */,
				DEB5EC1C25D2BEED005CFB02 /* Color.swift */,
			);
			path = RealmPlantsShop;
			sourceTree = "<group>";
		};
		DEB5EBFF25D2BD62005CFB02 /* Preview Content */ = {
			isa = PBXGroup;
			children = (
				DEB5EC0025D2BD62005CFB02 /* Preview Assets.xcassets */,
			);
			path = "Preview Content";
			sourceTree = "<group>";
		};
		DEB5EC1325D2BE86005CFB02 /* Entities */ = {
			isa = PBXGroup;
			children = (
				DEB5EC1F25D2BF06005CFB02 /* Kategoria.swift */,
				DEB5EC2225D2BF1D005CFB02 /* Product.swift */,
				DEB5EC2525D2BF33005CFB02 /* Basket.swift */,
			);
			path = Entities;
			sourceTree = "<group>";
		};
		DEB5EC1425D2BE91005CFB02 /* ViewModels */ = {
			isa = PBXGroup;
			children = (
				DEB5EC2825D2BF46005CFB02 /* KategoriaStore.swift */,
				DEB5EC2B25D2BF51005CFB02 /* ProductStore.swift */,
				DEB5EC2E25D2BF65005CFB02 /* BasektStore.swift */,
			);
			path = ViewModels;
			sourceTree = "<group>";
		};
		DEB5EC1525D2BE9E005CFB02 /* Views */ = {
			isa = PBXGroup;
			children = (
				DEB5EC3125D2BF7C005CFB02 /* MainView.swift */,
				DEB5EC3525D2BF90005CFB02 /* CategoriesView.swift */,
				DEB5EC3825D2BFA2005CFB02 /* GridView.swift */,
				DEB5EC3B25D2BFB9005CFB02 /* GridCellView.swift */,
				DEB5EC3E25D2BFC9005CFB02 /* GridCellViewProduct.swift */,
				DEB5EC4125D2BFDE005CFB02 /* GridViewProduct.swift */,
				DEB5EC4425D2BFF3005CFB02 /* HeaderView.swift */,
				DEB5EC4725D2C003005CFB02 /* DetailView.swift */,
				DEB5EC4A25D2C015005CFB02 /* BasketView.swift */,
				DEB5EC4D25D2C028005CFB02 /* AboutUsView.swift */,
				DEB5EC5025D2C038005CFB02 /* MapView.swift */,
			);
			path = Views;
			sourceTree = "<group>";
		};
		DEB5EC1625D2BEA8005CFB02 /* Fixtures */ = {
			isa = PBXGroup;
			children = (
				DEB5EC5325D2C050005CFB02 /* kategorie.json */,
				DEB5EC5625D2C065005CFB02 /* AnimalFriendly.json */,
				DEB5EC5925D2C07D005CFB02 /* EasyToCare.json */,
				DEB5EC5C25D2C093005CFB02 /* AirCleaning.json */,
				DEB5EC5F25D2C0A9005CFB02 /* Collectible.json */,
			);
			path = Fixtures;
			sourceTree = "<group>";
		};
		DEB5EC1725D2BEB0005CFB02 /* Models */ = {
			isa = PBXGroup;
			children = (
				DEB5EC6225D2C0BE005CFB02 /* ProduktModel.swift */,
				DEB5EC6525D2C0D1005CFB02 /* KategoriaModel.swift */,
				DEB5EC6825D2C0EE005CFB02 /* BasketModel.swift */,
			);
			path = Models;
			sourceTree = "<group>";
		};
/* End PBXGroup section */

/* Begin PBXNativeTarget section */
		DEB5EBF525D2BD61005CFB02 /* RealmPlantsShop */ = {
			isa = PBXNativeTarget;
			buildConfigurationList = DEB5EC0525D2BD62005CFB02 /* Build configuration list for PBXNativeTarget "RealmPlantsShop" */;
			buildPhases = (
				DEB5EBF225D2BD61005CFB02 /* Sources */,
				DEB5EBF325D2BD61005CFB02 /* Frameworks */,
				DEB5EBF425D2BD61005CFB02 /* Resources */,
			);
			buildRules = (
			);
			dependencies = (
			);
			name = RealmPlantsShop;
			packageProductDependencies = (
				DEB5EC0A25D2BE29005CFB02 /* Realm */,
				DEB5EC0C25D2BE29005CFB02 /* RealmSwift */,
				DEB5EC1025D2BE5F005CFB02 /* RemoteImage */,
			);
			productName = RealmPlantsShop;
			productReference = DEB5EBF625D2BD61005CFB02 /* RealmPlantsShop.app */;
			productType = "com.apple.product-type.application";
		};
/* End PBXNativeTarget section */

/* Begin PBXProject section */
		DEB5EBEE25D2BD61005CFB02 /* Project object */ = {
			isa = PBXProject;
			attributes = {
				LastSwiftUpdateCheck = 1240;
				LastUpgradeCheck = 1240;
				TargetAttributes = {
					DEB5EBF525D2BD61005CFB02 = {
						CreatedOnToolsVersion = 12.4;
					};
				};
			};
			buildConfigurationList = DEB5EBF125D2BD61005CFB02 /* Build configuration list for PBXProject "RealmPlantsShop" */;
			compatibilityVersion = "Xcode 9.3";
			developmentRegion = en;
			hasScannedForEncodings = 0;
			knownRegions = (
				en,
				Base,
			);
			mainGroup = DEB5EBED25D2BD61005CFB02;
			packageReferences = (
				DEB5EC0925D2BE29005CFB02 /* XCRemoteSwiftPackageReference "realm-cocoa" */,
				DEB5EC0F25D2BE5F005CFB02 /* XCRemoteSwiftPackageReference "RemoteImage" */,
			);
			productRefGroup = DEB5EBF725D2BD61005CFB02 /* Products */;
			projectDirPath = "";
			projectRoot = "";
			targets = (
				DEB5EBF525D2BD61005CFB02 /* RealmPlantsShop */,
			);
		};
/* End PBXProject section */

/* Begin PBXResourcesBuildPhase section */
		DEB5EBF425D2BD61005CFB02 /* Resources */ = {
			isa = PBXResourcesBuildPhase;
			buildActionMask = 2147483647;
			files = (
				DEB5EC0125D2BD62005CFB02 /* Preview Assets.xcassets in Resources */,
				DEB5EC5A25D2C07D005CFB02 /* EasyToCare.json in Resources */,
				DEB5EC5425D2C050005CFB02 /* kategorie.json in Resources */,
				DEB5EC6025D2C0A9005CFB02 /* Collectible.json in Resources */,
				DEB5EC5D25D2C093005CFB02 /* AirCleaning.json in Resources */,
				DEB5EC5725D2C065005CFB02 /* AnimalFriendly.json in Resources */,
				DEB5EBFE25D2BD62005CFB02 /* Assets.xcassets in Resources */,
			);
			runOnlyForDeploymentPostprocessing = 0;
		};
/* End PBXResourcesBuildPhase section */

/* Begin PBXSourcesBuildPhase section */
		DEB5EBF225D2BD61005CFB02 /* Sources */ = {
			isa = PBXSourcesBuildPhase;
			buildActionMask = 2147483647;
			files = (
				DEB5EC4B25D2C015005CFB02 /* BasketView.swift in Sources */,
				DEB5EC6625D2C0D1005CFB02 /* KategoriaModel.swift in Sources */,
				DEB5EC2C25D2BF51005CFB02 /* ProductStore.swift in Sources */,
				DEB5EC2025D2BF06005CFB02 /* Kategoria.swift in Sources */,
				DEB5EC4825D2C003005CFB02 /* DetailView.swift in Sources */,
				DEB5EC2625D2BF33005CFB02 /* Basket.swift in Sources */,
				DEB5EC2925D2BF46005CFB02 /* KategoriaStore.swift in Sources */,
				DEB5EC1D25D2BEED005CFB02 /* Color.swift in Sources */,
				DEB5EBFA25D2BD61005CFB02 /* RealmPlantsShopApp.swift in Sources */,
				DEB5EC3C25D2BFB9005CFB02 /* GridCellView.swift in Sources */,
				DEB5EC3225D2BF7C005CFB02 /* MainView.swift in Sources */,
				DEB5EC1A25D2BEDE005CFB02 /* RealmPersistance.swift in Sources */,
				DEB5EC3625D2BF90005CFB02 /* CategoriesView.swift in Sources */,
				DEB5EC3F25D2BFC9005CFB02 /* GridCellViewProduct.swift in Sources */,
				DEB5EC4E25D2C028005CFB02 /* AboutUsView.swift in Sources */,
				DEB5EC6325D2C0BE005CFB02 /* ProduktModel.swift in Sources */,
				DEB5EC4225D2BFDE005CFB02 /* GridViewProduct.swift in Sources */,
				DEB5EC2325D2BF1D005CFB02 /* Product.swift in Sources */,
				DEB5EC6925D2C0EE005CFB02 /* BasketModel.swift in Sources */,
				DEB5EC3925D2BFA2005CFB02 /* GridView.swift in Sources */,
				DEB5EC5125D2C038005CFB02 /* MapView.swift in Sources */,
				DEB5EC2F25D2BF65005CFB02 /* BasektStore.swift in Sources */,
				DEB5EC4525D2BFF3005CFB02 /* HeaderView.swift in Sources */,
			);
			runOnlyForDeploymentPostprocessing = 0;
		};
/* End PBXSourcesBuildPhase section */

/* Begin XCBuildConfiguration section */
		DEB5EC0325D2BD62005CFB02 /* Debug */ = {
			isa = XCBuildConfiguration;
			buildSettings = {
				ALWAYS_SEARCH_USER_PATHS = NO;
				CLANG_ANALYZER_NONNULL = YES;
				CLANG_ANALYZER_NUMBER_OBJECT_CONVERSION = YES_AGGRESSIVE;
				CLANG_CXX_LANGUAGE_STANDARD = "gnu++14";
				CLANG_CXX_LIBRARY = "libc++";
				CLANG_ENABLE_MODULES = YES;
				CLANG_ENABLE_OBJC_ARC = YES;
				CLANG_ENABLE_OBJC_WEAK = YES;
				CLANG_WARN_BLOCK_CAPTURE_AUTORELEASING = YES;
				CLANG_WARN_BOOL_CONVERSION = YES;
				CLANG_WARN_COMMA = YES;
				CLANG_WARN_CONSTANT_CONVERSION = YES;
				CLANG_WARN_DEPRECATED_OBJC_IMPLEMENTATIONS = YES;
				CLANG_WARN_DIRECT_OBJC_ISA_USAGE = YES_ERROR;
				CLANG_WARN_DOCUMENTATION_COMMENTS = YES;
				CLANG_WARN_EMPTY_BODY = YES;
				CLANG_WARN_ENUM_CONVERSION = YES;
				CLANG_WARN_INFINITE_RECURSION = YES;
				CLANG_WARN_INT_CONVERSION = YES;
				CLANG_WARN_NON_LITERAL_NULL_CONVERSION = YES;
				CLANG_WARN_OBJC_IMPLICIT_RETAIN_SELF = YES;
				CLANG_WARN_OBJC_LITERAL_CONVERSION = YES;
				CLANG_WARN_OBJC_ROOT_CLASS = YES_ERROR;
				CLANG_WARN_QUOTED_INCLUDE_IN_FRAMEWORK_HEADER = YES;
				CLANG_WARN_RANGE_LOOP_ANALYSIS = YES;
				CLANG_WARN_STRICT_PROTOTYPES = YES;
				CLANG_WARN_SUSPICIOUS_MOVE = YES;
				CLANG_WARN_UNGUARDED_AVAILABILITY = YES_AGGRESSIVE;
				CLANG_WARN_UNREACHABLE_CODE = YES;
				CLANG_WARN__DUPLICATE_METHOD_MATCH = YES;
				COPY_PHASE_STRIP = NO;
				DEBUG_INFORMATION_FORMAT = dwarf;
				ENABLE_STRICT_OBJC_MSGSEND = YES;
				ENABLE_TESTABILITY = YES;
				GCC_C_LANGUAGE_STANDARD = gnu11;
				GCC_DYNAMIC_NO_PIC = NO;
				GCC_NO_COMMON_BLOCKS = YES;
				GCC_OPTIMIZATION_LEVEL = 0;
				GCC_PREPROCESSOR_DEFINITIONS = (
					"DEBUG=1",
					"$(inherited)",
				);
				GCC_WARN_64_TO_32_BIT_CONVERSION = YES;
				GCC_WARN_ABOUT_RETURN_TYPE = YES_ERROR;
				GCC_WARN_UNDECLARED_SELECTOR = YES;
				GCC_WARN_UNINITIALIZED_AUTOS = YES_AGGRESSIVE;
				GCC_WARN_UNUSED_FUNCTION = YES;
				GCC_WARN_UNUSED_VARIABLE = YES;
				IPHONEOS_DEPLOYMENT_TARGET = 14.4;
				MTL_ENABLE_DEBUG_INFO = INCLUDE_SOURCE;
				MTL_FAST_MATH = YES;
				ONLY_ACTIVE_ARCH = YES;
				SDKROOT = iphoneos;
				SWIFT_ACTIVE_COMPILATION_CONDITIONS = DEBUG;
				SWIFT_OPTIMIZATION_LEVEL = "-Onone";
			};
			name = Debug;
		};
		DEB5EC0425D2BD62005CFB02 /* Release */ = {
			isa = XCBuildConfiguration;
			buildSettings = {
				ALWAYS_SEARCH_USER_PATHS = NO;
				CLANG_ANALYZER_NONNULL = YES;
				CLANG_ANALYZER_NUMBER_OBJECT_CONVERSION = YES_AGGRESSIVE;
				CLANG_CXX_LANGUAGE_STANDARD = "gnu++14";
				CLANG_CXX_LIBRARY = "libc++";
				CLANG_ENABLE_MODULES = YES;
				CLANG_ENABLE_OBJC_ARC = YES;
				CLANG_ENABLE_OBJC_WEAK = YES;
				CLANG_WARN_BLOCK_CAPTURE_AUTORELEASING = YES;
				CLANG_WARN_BOOL_CONVERSION = YES;
				CLANG_WARN_COMMA = YES;
				CLANG_WARN_CONSTANT_CONVERSION = YES;
				CLANG_WARN_DEPRECATED_OBJC_IMPLEMENTATIONS = YES;
				CLANG_WARN_DIRECT_OBJC_ISA_USAGE = YES_ERROR;
				CLANG_WARN_DOCUMENTATION_COMMENTS = YES;
				CLANG_WARN_EMPTY_BODY = YES;
				CLANG_WARN_ENUM_CONVERSION = YES;
				CLANG_WARN_INFINITE_RECURSION = YES;
				CLANG_WARN_INT_CONVERSION = YES;
				CLANG_WARN_NON_LITERAL_NULL_CONVERSION = YES;
				CLANG_WARN_OBJC_IMPLICIT_RETAIN_SELF = YES;
				CLANG_WARN_OBJC_LITERAL_CONVERSION = YES;
				CLANG_WARN_OBJC_ROOT_CLASS = YES_ERROR;
				CLANG_WARN_QUOTED_INCLUDE_IN_FRAMEWORK_HEADER = YES;
				CLANG_WARN_RANGE_LOOP_ANALYSIS = YES;
				CLANG_WARN_STRICT_PROTOTYPES = YES;
				CLANG_WARN_SUSPICIOUS_MOVE = YES;
				CLANG_WARN_UNGUARDED_AVAILABILITY = YES_AGGRESSIVE;
				CLANG_WARN_UNREACHABLE_CODE = YES;
				CLANG_WARN__DUPLICATE_METHOD_MATCH = YES;
				COPY_PHASE_STRIP = NO;
				DEBUG_INFORMATION_FORMAT = "dwarf-with-dsym";
				ENABLE_NS_ASSERTIONS = NO;
				ENABLE_STRICT_OBJC_MSGSEND = YES;
				GCC_C_LANGUAGE_STANDARD = gnu11;
				GCC_NO_COMMON_BLOCKS = YES;
				GCC_WARN_64_TO_32_BIT_CONVERSION = YES;
				GCC_WARN_ABOUT_RETURN_TYPE = YES_ERROR;
				GCC_WARN_UNDECLARED_SELECTOR = YES;
				GCC_WARN_UNINITIALIZED_AUTOS = YES_AGGRESSIVE;
				GCC_WARN_UNUSED_FUNCTION = YES;
				GCC_WARN_UNUSED_VARIABLE = YES;
				IPHONEOS_DEPLOYMENT_TARGET = 14.4;
				MTL_ENABLE_DEBUG_INFO = NO;
				MTL_FAST_MATH = YES;
				SDKROOT = iphoneos;
				SWIFT_COMPILATION_MODE = wholemodule;
				SWIFT_OPTIMIZATION_LEVEL = "-O";
				VALIDATE_PRODUCT = YES;
			};
			name = Release;
		};
		DEB5EC0625D2BD62005CFB02 /* Debug */ = {
			isa = XCBuildConfiguration;
			buildSettings = {
				ASSETCATALOG_COMPILER_APPICON_NAME = AppIcon;
				ASSETCATALOG_COMPILER_GLOBAL_ACCENT_COLOR_NAME = AccentColor;
				CODE_SIGN_STYLE = Automatic;
				DEVELOPMENT_ASSET_PATHS = "\"RealmPlantsShop/Preview Content\"";
				DEVELOPMENT_TEAM = 9LP5G2R6ZN;
				ENABLE_PREVIEWS = YES;
				INFOPLIST_FILE = RealmPlantsShop/Info.plist;
				IPHONEOS_DEPLOYMENT_TARGET = 14.0;
				LD_RUNPATH_SEARCH_PATHS = (
					"$(inherited)",
					"@executable_path/Frameworks",
				);
				PRODUCT_BUNDLE_IDENTIFIER = wmaterna.RealmPlantsShop;
				PRODUCT_NAME = "$(TARGET_NAME)";
				SWIFT_VERSION = 5.0;
				TARGETED_DEVICE_FAMILY = "1,2";
			};
			name = Debug;
		};
		DEB5EC0725D2BD62005CFB02 /* Release */ = {
			isa = XCBuildConfiguration;
			buildSettings = {
				ASSETCATALOG_COMPILER_APPICON_NAME = AppIcon;
				ASSETCATALOG_COMPILER_GLOBAL_ACCENT_COLOR_NAME = AccentColor;
				CODE_SIGN_STYLE = Automatic;
				DEVELOPMENT_ASSET_PATHS = "\"RealmPlantsShop/Preview Content\"";
				DEVELOPMENT_TEAM = 9LP5G2R6ZN;
				ENABLE_PREVIEWS = YES;
				INFOPLIST_FILE = RealmPlantsShop/Info.plist;
				IPHONEOS_DEPLOYMENT_TARGET = 14.0;
				LD_RUNPATH_SEARCH_PATHS = (
					"$(inherited)",
					"@executable_path/Frameworks",
				);
				PRODUCT_BUNDLE_IDENTIFIER = wmaterna.RealmPlantsShop;
				PRODUCT_NAME = "$(TARGET_NAME)";
				SWIFT_VERSION = 5.0;
				TARGETED_DEVICE_FAMILY = "1,2";
			};
			name = Release;
		};
/* End XCBuildConfiguration section */

/* Begin XCConfigurationList section */
		DEB5EBF125D2BD61005CFB02 /* Build configuration list for PBXProject "RealmPlantsShop" */ = {
			isa = XCConfigurationList;
			buildConfigurations = (
				DEB5EC0325D2BD62005CFB02 /* Debug */,
				DEB5EC0425D2BD62005CFB02 /* Release */,
			);
			defaultConfigurationIsVisible = 0;
			defaultConfigurationName = Release;
		};
		DEB5EC0525D2BD62005CFB02 /* Build configuration list for PBXNativeTarget "RealmPlantsShop" */ = {
			isa = XCConfigurationList;
			buildConfigurations = (
				DEB5EC0625D2BD62005CFB02 /* Debug */,
				DEB5EC0725D2BD62005CFB02 /* Release */,
			);
			defaultConfigurationIsVisible = 0;
			defaultConfigurationName = Release;
		};
/* End XCConfigurationList section */

/* Begin XCRemoteSwiftPackageReference section */
		DEB5EC0925D2BE29005CFB02 /* XCRemoteSwiftPackageReference "realm-cocoa" */ = {
			isa = XCRemoteSwiftPackageReference;
			repositoryURL = "https://github.com/realm/realm-cocoa";
			requirement = {
				kind = upToNextMajorVersion;
				minimumVersion = 10.5.1;
			};
		};
		DEB5EC0F25D2BE5F005CFB02 /* XCRemoteSwiftPackageReference "RemoteImage" */ = {
			isa = XCRemoteSwiftPackageReference;
			repositoryURL = "https://github.com/crelies/RemoteImage";
			requirement = {
				kind = upToNextMajorVersion;
				minimumVersion = 4.0.0;
			};
		};
/* End XCRemoteSwiftPackageReference section */

/* Begin XCSwiftPackageProductDependency section */
		DEB5EC0A25D2BE29005CFB02 /* Realm */ = {
			isa = XCSwiftPackageProductDependency;
			package = DEB5EC0925D2BE29005CFB02 /* XCRemoteSwiftPackageReference "realm-cocoa" */;
			productName = Realm;
		};
		DEB5EC0C25D2BE29005CFB02 /* RealmSwift */ = {
			isa = XCSwiftPackageProductDependency;
			package = DEB5EC0925D2BE29005CFB02 /* XCRemoteSwiftPackageReference "realm-cocoa" */;
			productName = RealmSwift;
		};
		DEB5EC1025D2BE5F005CFB02 /* RemoteImage */ = {
			isa = XCSwiftPackageProductDependency;
			package = DEB5EC0F25D2BE5F005CFB02 /* XCRemoteSwiftPackageReference "RemoteImage" */;
			productName = RemoteImage;
		};
/* End XCSwiftPackageProductDependency section */
	};
	rootObject = DEB5EBEE25D2BD61005CFB02 /* Project object */;
}
